// !$*UTF8*$!
{
	archiveVersion = 1;
	classes = {
	};
	objectVersion = 50;
	objects = {

/* Begin PBXBuildFile section */
		18101F0523D496E900BB8FFF /* AppDelegate.swift in Sources */ = {isa = PBXBuildFile; fileRef = 18101F0423D496E900BB8FFF /* AppDelegate.swift */; };
		18101F0723D496E900BB8FFF /* SceneDelegate.swift in Sources */ = {isa = PBXBuildFile; fileRef = 18101F0623D496E900BB8FFF /* SceneDelegate.swift */; };
		18101F0923D496E900BB8FFF /* ViewController.swift in Sources */ = {isa = PBXBuildFile; fileRef = 18101F0823D496E900BB8FFF /* ViewController.swift */; };
		18101F0C23D496E900BB8FFF /* Main.storyboard in Resources */ = {isa = PBXBuildFile; fileRef = 18101F0A23D496E900BB8FFF /* Main.storyboard */; };
		18101F0E23D496E900BB8FFF /* Assets.xcassets in Resources */ = {isa = PBXBuildFile; fileRef = 18101F0D23D496E900BB8FFF /* Assets.xcassets */; };
		18101F1123D496E900BB8FFF /* LaunchScreen.storyboard in Resources */ = {isa = PBXBuildFile; fileRef = 18101F0F23D496E900BB8FFF /* LaunchScreen.storyboard */; };
/* End PBXBuildFile section */

/* Begin PBXFileReference section */
		18101F0123D496E900BB8FFF /* HorizontalCollectionView.app */ = {isa = PBXFileReference; explicitFileType = wrapper.application; includeInIndex = 0; path = HorizontalCollectionView.app; sourceTree = BUILT_PRODUCTS_DIR; };
		18101F0423D496E900BB8FFF /* AppDelegate.swift */ = {isa = PBXFileReference; lastKnownFileType = sourcecode.swift; path = AppDelegate.swift; sourceTree = "<group>"; };
		18101F0623D496E900BB8FFF /* SceneDelegate.swift */ = {isa = PBXFileReference; lastKnownFileType = sourcecode.swift; path = SceneDelegate.swift; sourceTree = "<group>"; };
		18101F0823D496E900BB8FFF /* ViewController.swift */ = {isa = PBXFileReference; lastKnownFileType = sourcecode.swift; path = ViewController.swift; sourceTree = "<group>"; };
		18101F0B23D496E900BB8FFF /* Base */ = {isa = PBXFileReference; lastKnownFileType = file.storyboard; name = Base; path = Base.lproj/Main.storyboard; sourceTree = "<group>"; };
		18101F0D23D496E900BB8FFF /* Assets.xcassets */ = {isa = PBXFileReference; lastKnownFileType = folder.assetcatalog; path = Assets.xcassets; sourceTree = "<group>"; };
		18101F1023D496E900BB8FFF /* Base */ = {isa = PBXFileReference; lastKnownFileType = file.storyboard; name = Base; path = Base.lproj/LaunchScreen.storyboard; sourceTree = "<group>"; };
		18101F1223D496E900BB8FFF /* Info.plist */ = {isa = PBXFileReference; lastKnownFileType = text.plist.xml; path = Info.plist; sourceTree = "<group>"; };
/* End PBXFileReference section */

/* Begin PBXFrameworksBuildPhase section */
		18101EFE23D496E900BB8FFF /* Frameworks */ = {
			isa = PBXFrameworksBuildPhase;
			buildActionMask = 2147483647;
			files = (
			);
			runOnlyForDeploymentPostprocessing = 0;
		};
/* End PBXFrameworksBuildPhase section */

/* Begin PBXGroup section */
		18101EF823D496E900BB8FFF = {
			isa = PBXGroup;
			children = (
				18101F0323D496E900BB8FFF /* HorizontalCollectionView */,
				18101F0223D496E900BB8FFF /* Products */,
			);
			sourceTree = "<group>";
		};
		18101F0223D496E900BB8FFF /* Products */ = {
			isa = PBXGroup;
			children = (
				18101F0123D496E900BB8FFF /* HorizontalCollectionView.app */,
			);
			name = Products;
			sourceTree = "<group>";
		};
		18101F0323D496E900BB8FFF /* HorizontalCollectionView */ = {
			isa = PBXGroup;
			children = (
				18101F0423D496E900BB8FFF /* AppDelegate.swift */,
				18101F0623D496E900BB8FFF /* SceneDelegate.swift */,
				18101F0823D496E900BB8FFF /* ViewController.swift */,
				18101F0A23D496E900BB8FFF /* Main.storyboard */,
				18101F0D23D496E900BB8FFF /* Assets.xcassets */,
				18101F0F23D496E900BB8FFF /* LaunchScreen.storyboard */,
				18101F1223D496E900BB8FFF /* Info.plist */,
			);
			path = HorizontalCollectionView;
			sourceTree = "<group>";
		};
/* End PBXGroup section */

/* Begin PBXNativeTarget section */
		18101F0023D496E900BB8FFF /* HorizontalCollectionView */ = {
			isa = PBXNativeTarget;
			buildConfigurationList = 18101F1523D496E900BB8FFF /* Build configuration list for PBXNativeTarget "HorizontalCollectionView" */;
			buildPhases = (
				18101EFD23D496E900BB8FFF /* Sources */,
				18101EFE23D496E900BB8FFF /* Frameworks */,
				18101EFF23D496E900BB8FFF /* Resources */,
			);
			buildRules = (
			);
			dependencies = (
			);
			name = HorizontalCollectionView;
			productName = HorizontalCollectionView;
			productReference = 18101F0123D496E900BB8FFF /* HorizontalCollectionView.app */;
			productType = "com.apple.product-type.application";
		};
/* End PBXNativeTarget section */

/* Begin PBXProject section */
		18101EF923D496E900BB8FFF /* Project object */ = {
			isa = PBXProject;
			attributes = {
				LastSwiftUpdateCheck = 1110;
				LastUpgradeCheck = 1110;
				ORGANIZATIONNAME = JeongminKim;
				TargetAttributes = {
					18101F0023D496E900BB8FFF = {
						CreatedOnToolsVersion = 11.1;
					};
				};
			};
			buildConfigurationList = 18101EFC23D496E900BB8FFF /* Build configuration list for PBXProject "HorizontalCollectionView" */;
			compatibilityVersion = "Xcode 9.3";
			developmentRegion = en;
			hasScannedForEncodings = 0;
			knownRegions = (
				en,
				Base,
			);
			mainGroup = 18101EF823D496E900BB8FFF;
			productRefGroup = 18101F0223D496E900BB8FFF /* Products */;
			projectDirPath = "";
			projectRoot = "";
			targets = (
				18101F0023D496E900BB8FFF /* HorizontalCollectionView */,
			);
		};
/* End PBXProject section */

/* Begin PBXResourcesBuildPhase section */
		18101EFF23D496E900BB8FFF /* Resources */ = {
			isa = PBXResourcesBuildPhase;
			buildActionMask = 2147483647;
			files = (
				18101F1123D496E900BB8FFF /* LaunchScreen.storyboard in Resources */,
				18101F0E23D496E900BB8FFF /* Assets.xcassets in Resources */,
				18101F0C23D496E900BB8FFF /* Main.storyboard in Resources */,
			);
			runOnlyForDeploymentPostprocessing = 0;
		};
/* End PBXResourcesBuildPhase section */

/* Begin PBXSourcesBuildPhase section */
		18101EFD23D496E900BB8FFF /* Sources */ = {
			isa = PBXSourcesBuildPhase;
			buildActionMask = 2147483647;
			files = (
				18101F0923D496E900BB8FFF /* ViewController.swift in Sources */,
				18101F0523D496E900BB8FFF /* AppDelegate.swift in Sources */,
				18101F0723D496E900BB8FFF /* SceneDelegate.swift in Sources */,
			);
			runOnlyForDeploymentPostprocessing = 0;
		};
/* End PBXSourcesBuildPhase section */

/* Begin PBXVariantGroup section */
		18101F0A23D496E900BB8FFF /* Main.storyboard */ = {
			isa = PBXVariantGroup;
			children = (
				18101F0B23D496E900BB8FFF /* Base */,
			);
			name = Main.storyboard;
			sourceTree = "<group>";
		};
		18101F0F23D496E900BB8FFF /* LaunchScreen.storyboard */ = {
			isa = PBXVariantGroup;
			children = (
				18101F1023D496E900BB8FFF /* Base */,
			);
			name = LaunchScreen.storyboard;
			sourceTree = "<group>";
		};
/* End PBXVariantGroup section */

/* Begin XCBuildConfiguration section */
		18101F1323D496E900BB8FFF /* Debug */ = {
			isa = XCBuildConfiguration;
			buildSettings = {
				ALWAYS_SEARCH_USER_PATHS = NO;
				CLANG_ANALYZER_NONNULL = YES;
				CLANG_ANALYZER_NUMBER_OBJECT_CONVERSION = YES_AGGRESSIVE;
				CLANG_CXX_LANGUAGE_STANDARD = "gnu++14";
				CLANG_CXX_LIBRARY = "libc++";
				CLANG_ENABLE_MODULES = YES;
				CLANG_ENABLE_OBJC_ARC = YES;
				CLANG_ENABLE_OBJC_WEAK = YES;
				CLANG_WARN_BLOCK_CAPTURE_AUTORELEASING = YES;
				CLANG_WARN_BOOL_CONVERSION = YES;
				CLANG_WARN_COMMA = YES;
				CLANG_WARN_CONSTANT_CONVERSION = YES;
				CLANG_WARN_DEPRECATED_OBJC_IMPLEMENTATIONS = YES;
				CLANG_WARN_DIRECT_OBJC_ISA_USAGE = YES_ERROR;
				CLANG_WARN_DOCUMENTATION_COMMENTS = YES;
				CLANG_WARN_EMPTY_BODY = YES;
				CLANG_WARN_ENUM_CONVERSION = YES;
				CLANG_WARN_INFINITE_RECURSION = YES;
				CLANG_WARN_INT_CONVERSION = YES;
				CLANG_WARN_NON_LITERAL_NULL_CONVERSION = YES;
				CLANG_WARN_OBJC_IMPLICIT_RETAIN_SELF = YES;
				CLANG_WARN_OBJC_LITERAL_CONVERSION = YES;
				CLANG_WARN_OBJC_ROOT_CLASS = YES_ERROR;
				CLANG_WARN_RANGE_LOOP_ANALYSIS = YES;
				CLANG_WARN_STRICT_PROTOTYPES = YES;
				CLANG_WARN_SUSPICIOUS_MOVE = YES;
				CLANG_WARN_UNGUARDED_AVAILABILITY = YES_AGGRESSIVE;
				CLANG_WARN_UNREACHABLE_CODE = YES;
				CLANG_WARN__DUPLICATE_METHOD_MATCH = YES;
				COPY_PHASE_STRIP = NO;
				DEBUG_INFORMATION_FORMAT = dwarf;
				ENABLE_STRICT_OBJC_MSGSEND = YES;
				ENABLE_TESTABILITY = YES;
				GCC_C_LANGUAGE_STANDARD = gnu11;
				GCC_DYNAMIC_NO_PIC = NO;
				GCC_NO_COMMON_BLOCKS = YES;
				GCC_OPTIMIZATION_LEVEL = 0;
				GCC_PREPROCESSOR_DEFINITIONS = (
					"DEBUG=1",
					"$(inherited)",
				);
				GCC_WARN_64_TO_32_BIT_CONVERSION = YES;
				GCC_WARN_ABOUT_RETURN_TYPE = YES_ERROR;
				GCC_WARN_UNDECLARED_SELECTOR = YES;
				GCC_WARN_UNINITIALIZED_AUTOS = YES_AGGRESSIVE;
				GCC_WARN_UNUSED_FUNCTION = YES;
				GCC_WARN_UNUSED_VARIABLE = YES;
				IPHONEOS_DEPLOYMENT_TARGET = 13.1;
				MTL_ENABLE_DEBUG_INFO = INCLUDE_SOURCE;
				MTL_FAST_MATH = YES;
				ONLY_ACTIVE_ARCH = YES;
				SDKROOT = iphoneos;
				SWIFT_ACTIVE_COMPILATION_CONDITIONS = DEBUG;
				SWIFT_OPTIMIZATION_LEVEL = "-Onone";
			};
			name = Debug;
		};
		18101F1423D496E900BB8FFF /* Release */ = {
			isa = XCBuildConfiguration;
			buildSettings = {
				ALWAYS_SEARCH_USER_PATHS = NO;
				CLANG_ANALYZER_NONNULL = YES;
				CLANG_ANALYZER_NUMBER_OBJECT_CONVERSION = YES_AGGRESSIVE;
				CLANG_CXX_LANGUAGE_STANDARD = "gnu++14";
				CLANG_CXX_LIBRARY = "libc++";
				CLANG_ENABLE_MODULES = YES;
				CLANG_ENABLE_OBJC_ARC = YES;
				CLANG_ENABLE_OBJC_WEAK = YES;
				CLANG_WARN_BLOCK_CAPTURE_AUTORELEASING = YES;
				CLANG_WARN_BOOL_CONVERSION = YES;
				CLANG_WARN_COMMA = YES;
				CLANG_WARN_CONSTANT_CONVERSION = YES;
				CLANG_WARN_DEPRECATED_OBJC_IMPLEMENTATIONS = YES;
				CLANG_WARN_DIRECT_OBJC_ISA_USAGE = YES_ERROR;
				CLANG_WARN_DOCUMENTATION_COMMENTS = YES;
				CLANG_WARN_EMPTY_BODY = YES;
				CLANG_WARN_ENUM_CONVERSION = YES;
				CLANG_WARN_INFINITE_RECURSION = YES;
				CLANG_WARN_INT_CONVERSION = YES;
				CLANG_WARN_NON_LITERAL_NULL_CONVERSION = YES;
				CLANG_WARN_OBJC_IMPLICIT_RETAIN_SELF = YES;
				CLANG_WARN_OBJC_LITERAL_CONVERSION = YES;
				CLANG_WARN_OBJC_ROOT_CLASS = YES_ERROR;
				CLANG_WARN_RANGE_LOOP_ANALYSIS = YES;
				CLANG_WARN_STRICT_PROTOTYPES = YES;
				CLANG_WARN_SUSPICIOUS_MOVE = YES;
				CLANG_WARN_UNGUARDED_AVAILABILITY = YES_AGGRESSIVE;
				CLANG_WARN_UNREACHABLE_CODE = YES;
				CLANG_WARN__DUPLICATE_METHOD_MATCH = YES;
				COPY_PHASE_STRIP = NO;
				DEBUG_INFORMATION_FORMAT = "dwarf-with-dsym";
				ENABLE_NS_ASSERTIONS = NO;
				ENABLE_STRICT_OBJC_MSGSEND = YES;
				GCC_C_LANGUAGE_STANDARD = gnu11;
				GCC_NO_COMMON_BLOCKS = YES;
				GCC_WARN_64_TO_32_BIT_CONVERSION = YES;
				GCC_WARN_ABOUT_RETURN_TYPE = YES_ERROR;
				GCC_WARN_UNDECLARED_SELECTOR = YES;
				GCC_WARN_UNINITIALIZED_AUTOS = YES_AGGRESSIVE;
				GCC_WARN_UNUSED_FUNCTION = YES;
				GCC_WARN_UNUSED_VARIABLE = YES;
				IPHONEOS_DEPLOYMENT_TARGET = 13.1;
				MTL_ENABLE_DEBUG_INFO = NO;
				MTL_FAST_MATH = YES;
				SDKROOT = iphoneos;
				SWIFT_COMPILATION_MODE = wholemodule;
				SWIFT_OPTIMIZATION_LEVEL = "-O";
				VALIDATE_PRODUCT = YES;
			};
			name = Release;
		};
		18101F1623D496E900BB8FFF /* Debug */ = {
			isa = XCBuildConfiguration;
			buildSettings = {
				ASSETCATALOG_COMPILER_APPICON_NAME = AppIcon;
				CODE_SIGN_STYLE = Automatic;
				DEVELOPMENT_TEAM = 4FTFKXF8N5;
				INFOPLIST_FILE = HorizontalCollectionView/Info.plist;
				LD_RUNPATH_SEARCH_PATHS = (
					"$(inherited)",
					"@executable_path/Frameworks",
				);
				PRODUCT_BUNDLE_IDENTIFIER = com.JeongminKim.HorizontalCollectionView;
				PRODUCT_NAME = "$(TARGET_NAME)";
				SWIFT_VERSION = 5.0;
				TARGETED_DEVICE_FAMILY = "1,2";
			};
			name = Debug;
		};
		18101F1723D496E900BB8FFF /* Release */ = {
			isa = XCBuildConfiguration;
			buildSettings = {
				ASSETCATALOG_COMPILER_APPICON_NAME = AppIcon;
				CODE_SIGN_STYLE = Automatic;
				DEVELOPMENT_TEAM = 4FTFKXF8N5;
				INFOPLIST_FILE = HorizontalCollectionView/Info.plist;
				LD_RUNPATH_SEARCH_PATHS = (
					"$(inherited)",
					"@executable_path/Frameworks",
				);
				PRODUCT_BUNDLE_IDENTIFIER = com.JeongminKim.HorizontalCollectionView;
				PRODUCT_NAME = "$(TARGET_NAME)";
				SWIFT_VERSION = 5.0;
				TARGETED_DEVICE_FAMILY = "1,2";
			};
			name = Release;
		};
/* End XCBuildConfiguration section */

/* Begin XCConfigurationList section */
		18101EFC23D496E900BB8FFF /* Build configuration list for PBXProject "HorizontalCollectionView" */ = {
			isa = XCConfigurationList;
			buildConfigurations = (
				18101F1323D496E900BB8FFF /* Debug */,
				18101F1423D496E900BB8FFF /* Release */,
			);
			defaultConfigurationIsVisible = 0;
			defaultConfigurationName = Release;
		};
		18101F1523D496E900BB8FFF /* Build configuration list for PBXNativeTarget "HorizontalCollectionView" */ = {
			isa = XCConfigurationList;
			buildConfigurations = (
				18101F1623D496E900BB8FFF /* Debug */,
				18101F1723D496E900BB8FFF /* Release */,
			);
			defaultConfigurationIsVisible = 0;
			defaultConfigurationName = Release;
		};
/* End XCConfigurationList section */
	};
	rootObject = 18101EF923D496E900BB8FFF /* Project object */;
}
